{
  "requires": true,
  "lockfileVersion": 1,
  "dependencies": {
    "sweetalert2": {
      "version": "8.2.1",
      "resolved": "https://registry.npmjs.org/sweetalert2/-/sweetalert2-8.2.1.tgz",
      "integrity": "sha512-ozle0Jek8Nua7FTW9Q5wi0jMbzKnR+TeJjh8nK59+vJ5w9Yxf3agrihaUvzq3t4Xx1PPEB50mJaTBVDi3tf7xw=="
    }
  }
}
